
Microsoft Visual Studio Solution File, Format Version 12.00
# Visual Studio 14
VisualStudioVersion = 14.0.25123.0
MinimumVisualStudioVersion = 10.0.40219.1
Project("{FAE04EC0-301F-11D3-BF4B-00C04F79EFBC}") = "App1.Droid", "App1\App1.Droid\App1.Droid.csproj", "{F0834D77-5461-4A48-AFE2-081A4F0B3F59}"
EndProject
Project("{FAE04EC0-301F-11D3-BF4B-00C04F79EFBC}") = "App1.iOS", "App1\App1.iOS\App1.iOS.csproj", "{3B4FEAC1-FA4D-4D29-A3CA-BD9FDB7D4134}"
EndProject
Project("{FAE04EC0-301F-11D3-BF4B-00C04F79EFBC}") = "App1.WinPhone", "App1\App1.WinPhone\App1.WinPhone.csproj", "{995F40E1-F09E-4872-B2DD-ADCD645F6A1C}"
EndProject
Project("{FAE04EC0-301F-11D3-BF4B-00C04F79EFBC}") = "App1", "App1\App1\App1.csproj", "{B352B536-52E9-4D7F-A017-26E11B39565B}"
EndProject
Global
	GlobalSection(SolutionConfigurationPlatforms) = preSolution
		Ad-Hoc|Any CPU = Ad-Hoc|Any CPU
		Ad-Hoc|ARM = Ad-Hoc|ARM
		Ad-Hoc|iPhone = Ad-Hoc|iPhone
		Ad-Hoc|iPhoneSimulator = Ad-Hoc|iPhoneSimulator
		Ad-Hoc|x64 = Ad-Hoc|x64
		Ad-Hoc|x86 = Ad-Hoc|x86
		AppStore|Any CPU = AppStore|Any CPU
		AppStore|ARM = AppStore|ARM
		AppStore|iPhone = AppStore|iPhone
		AppStore|iPhoneSimulator = AppStore|iPhoneSimulator
		AppStore|x64 = AppStore|x64
		AppStore|x86 = AppStore|x86
		Debug|Any CPU = Debug|Any CPU
		Debug|ARM = Debug|ARM
		Debug|iPhone = Debug|iPhone
		Debug|iPhoneSimulator = Debug|iPhoneSimulator
		Debug|x64 = Debug|x64
		Debug|x86 = Debug|x86
		Release|Any CPU = Release|Any CPU
		Release|ARM = Release|ARM
		Release|iPhone = Release|iPhone
		Release|iPhoneSimulator = Release|iPhoneSimulator
		Release|x64 = Release|x64
		Release|x86 = Release|x86
	EndGlobalSection
	GlobalSection(ProjectConfigurationPlatforms) = postSolution
		{F0834D77-5461-4A48-AFE2-081A4F0B3F59}.Ad-Hoc|Any CPU.ActiveCfg = Release|Any CPU
		{F0834D77-5461-4A48-AFE2-081A4F0B3F59}.Ad-Hoc|Any CPU.Build.0 = Release|Any CPU
		{F0834D77-5461-4A48-AFE2-081A4F0B3F59}.Ad-Hoc|Any CPU.Deploy.0 = Release|Any CPU
		{F0834D77-5461-4A48-AFE2-081A4F0B3F59}.Ad-Hoc|ARM.ActiveCfg = Release|Any CPU
		{F0834D77-5461-4A48-AFE2-081A4F0B3F59}.Ad-Hoc|ARM.Build.0 = Release|Any CPU
		{F0834D77-5461-4A48-AFE2-081A4F0B3F59}.Ad-Hoc|ARM.Deploy.0 = Release|Any CPU
		{F0834D77-5461-4A48-AFE2-081A4F0B3F59}.Ad-Hoc|iPhone.ActiveCfg = Release|Any CPU
		{F0834D77-5461-4A48-AFE2-081A4F0B3F59}.Ad-Hoc|iPhone.Build.0 = Release|Any CPU
		{F0834D77-5461-4A48-AFE2-081A4F0B3F59}.Ad-Hoc|iPhone.Deploy.0 = Release|Any CPU
		{F0834D77-5461-4A48-AFE2-081A4F0B3F59}.Ad-Hoc|iPhoneSimulator.ActiveCfg = Release|Any CPU
		{F0834D77-5461-4A48-AFE2-081A4F0B3F59}.Ad-Hoc|iPhoneSimulator.Build.0 = Release|Any CPU
		{F0834D77-5461-4A48-AFE2-081A4F0B3F59}.Ad-Hoc|iPhoneSimulator.Deploy.0 = Release|Any CPU
		{F0834D77-5461-4A48-AFE2-081A4F0B3F59}.Ad-Hoc|x64.ActiveCfg = Release|Any CPU
		{F0834D77-5461-4A48-AFE2-081A4F0B3F59}.Ad-Hoc|x64.Build.0 = Release|Any CPU
		{F0834D77-5461-4A48-AFE2-081A4F0B3F59}.Ad-Hoc|x64.Deploy.0 = Release|Any CPU
		{F0834D77-5461-4A48-AFE2-081A4F0B3F59}.Ad-Hoc|x86.ActiveCfg = Release|Any CPU
		{F0834D77-5461-4A48-AFE2-081A4F0B3F59}.Ad-Hoc|x86.Build.0 = Release|Any CPU
		{F0834D77-5461-4A48-AFE2-081A4F0B3F59}.Ad-Hoc|x86.Deploy.0 = Release|Any CPU
		{F0834D77-5461-4A48-AFE2-081A4F0B3F59}.AppStore|Any CPU.ActiveCfg = Release|Any CPU
		{F0834D77-5461-4A48-AFE2-081A4F0B3F59}.AppStore|Any CPU.Build.0 = Release|Any CPU
		{F0834D77-5461-4A48-AFE2-081A4F0B3F59}.AppStore|Any CPU.Deploy.0 = Release|Any CPU
		{F0834D77-5461-4A48-AFE2-081A4F0B3F59}.AppStore|ARM.ActiveCfg = Release|Any CPU
		{F0834D77-5461-4A48-AFE2-081A4F0B3F59}.AppStore|ARM.Build.0 = Release|Any CPU
		{F0834D77-5461-4A48-AFE2-081A4F0B3F59}.AppStore|ARM.Deploy.0 = Release|Any CPU
		{F0834D77-5461-4A48-AFE2-081A4F0B3F59}.AppStore|iPhone.ActiveCfg = Release|Any CPU
		{F0834D77-5461-4A48-AFE2-081A4F0B3F59}.AppStore|iPhone.Build.0 = Release|Any CPU
		{F0834D77-5461-4A48-AFE2-081A4F0B3F59}.AppStore|iPhone.Deploy.0 = Release|Any CPU
		{F0834D77-5461-4A48-AFE2-081A4F0B3F59}.AppStore|iPhoneSimulator.ActiveCfg = Release|Any CPU
		{F0834D77-5461-4A48-AFE2-081A4F0B3F59}.AppStore|iPhoneSimulator.Build.0 = Release|Any CPU
		{F0834D77-5461-4A48-AFE2-081A4F0B3F59}.AppStore|iPhoneSimulator.Deploy.0 = Release|Any CPU
		{F0834D77-5461-4A48-AFE2-081A4F0B3F59}.AppStore|x64.ActiveCfg = Release|Any CPU
		{F0834D77-5461-4A48-AFE2-081A4F0B3F59}.AppStore|x64.Build.0 = Release|Any CPU
		{F0834D77-5461-4A48-AFE2-081A4F0B3F59}.AppStore|x64.Deploy.0 = Release|Any CPU
		{F0834D77-5461-4A48-AFE2-081A4F0B3F59}.AppStore|x86.ActiveCfg = Release|Any CPU
		{F0834D77-5461-4A48-AFE2-081A4F0B3F59}.AppStore|x86.Build.0 = Release|Any CPU
		{F0834D77-5461-4A48-AFE2-081A4F0B3F59}.AppStore|x86.Deploy.0 = Release|Any CPU
		{F0834D77-5461-4A48-AFE2-081A4F0B3F59}.Debug|Any CPU.ActiveCfg = Debug|Any CPU
		{F0834D77-5461-4A48-AFE2-081A4F0B3F59}.Debug|Any CPU.Build.0 = Debug|Any CPU
		{F0834D77-5461-4A48-AFE2-081A4F0B3F59}.Debug|Any CPU.Deploy.0 = Debug|Any CPU
		{F0834D77-5461-4A48-AFE2-081A4F0B3F59}.Debug|ARM.ActiveCfg = Debug|Any CPU
		{F0834D77-5461-4A48-AFE2-081A4F0B3F59}.Debug|ARM.Build.0 = Debug|Any CPU
		{F0834D77-5461-4A48-AFE2-081A4F0B3F59}.Debug|ARM.Deploy.0 = Debug|Any CPU
		{F0834D77-5461-4A48-AFE2-081A4F0B3F59}.Debug|iPhone.ActiveCfg = Debug|Any CPU
		{F0834D77-5461-4A48-AFE2-081A4F0B3F59}.Debug|iPhone.Build.0 = Debug|Any CPU
		{F0834D77-5461-4A48-AFE2-081A4F0B3F59}.Debug|iPhone.Deploy.0 = Debug|Any CPU
		{F0834D77-5461-4A48-AFE2-081A4F0B3F59}.Debug|iPhoneSimulator.ActiveCfg = Debug|Any CPU
		{F0834D77-5461-4A48-AFE2-081A4F0B3F59}.Debug|iPhoneSimulator.Build.0 = Debug|Any CPU
		{F0834D77-5461-4A48-AFE2-081A4F0B3F59}.Debug|iPhoneSimulator.Deploy.0 = Debug|Any CPU
		{F0834D77-5461-4A48-AFE2-081A4F0B3F59}.Debug|x64.ActiveCfg = Debug|Any CPU
		{F0834D77-5461-4A48-AFE2-081A4F0B3F59}.Debug|x64.Build.0 = Debug|Any CPU
		{F0834D77-5461-4A48-AFE2-081A4F0B3F59}.Debug|x64.Deploy.0 = Debug|Any CPU
		{F0834D77-5461-4A48-AFE2-081A4F0B3F59}.Debug|x86.ActiveCfg = Debug|Any CPU
		{F0834D77-5461-4A48-AFE2-081A4F0B3F59}.Debug|x86.Build.0 = Debug|Any CPU
		{F0834D77-5461-4A48-AFE2-081A4F0B3F59}.Debug|x86.Deploy.0 = Debug|Any CPU
		{F0834D77-5461-4A48-AFE2-081A4F0B3F59}.Release|Any CPU.ActiveCfg = Release|Any CPU
		{F0834D77-5461-4A48-AFE2-081A4F0B3F59}.Release|Any CPU.Build.0 = Release|Any CPU
		{F0834D77-5461-4A48-AFE2-081A4F0B3F59}.Release|Any CPU.Deploy.0 = Release|Any CPU
		{F0834D77-5461-4A48-AFE2-081A4F0B3F59}.Release|ARM.ActiveCfg = Release|Any CPU
		{F0834D77-5461-4A48-AFE2-081A4F0B3F59}.Release|ARM.Build.0 = Release|Any CPU
		{F0834D77-5461-4A48-AFE2-081A4F0B3F59}.Release|ARM.Deploy.0 = Release|Any CPU
		{F0834D77-5461-4A48-AFE2-081A4F0B3F59}.Release|iPhone.ActiveCfg = Release|Any CPU
		{F0834D77-5461-4A48-AFE2-081A4F0B3F59}.Release|iPhone.Build.0 = Release|Any CPU
		{F0834D77-5461-4A48-AFE2-081A4F0B3F59}.Release|iPhone.Deploy.0 = Release|Any CPU
		{F0834D77-5461-4A48-AFE2-081A4F0B3F59}.Release|iPhoneSimulator.ActiveCfg = Release|Any CPU
		{F0834D77-5461-4A48-AFE2-081A4F0B3F59}.Release|iPhoneSimulator.Build.0 = Release|Any CPU
		{F0834D77-5461-4A48-AFE2-081A4F0B3F59}.Release|iPhoneSimulator.Deploy.0 = Release|Any CPU
		{F0834D77-5461-4A48-AFE2-081A4F0B3F59}.Release|x64.ActiveCfg = Release|Any CPU
		{F0834D77-5461-4A48-AFE2-081A4F0B3F59}.Release|x64.Build.0 = Release|Any CPU
		{F0834D77-5461-4A48-AFE2-081A4F0B3F59}.Release|x64.Deploy.0 = Release|Any CPU
		{F0834D77-5461-4A48-AFE2-081A4F0B3F59}.Release|x86.ActiveCfg = Release|Any CPU
		{F0834D77-5461-4A48-AFE2-081A4F0B3F59}.Release|x86.Build.0 = Release|Any CPU
		{F0834D77-5461-4A48-AFE2-081A4F0B3F59}.Release|x86.Deploy.0 = Release|Any CPU
		{3B4FEAC1-FA4D-4D29-A3CA-BD9FDB7D4134}.Ad-Hoc|Any CPU.ActiveCfg = Ad-Hoc|iPhone
		{3B4FEAC1-FA4D-4D29-A3CA-BD9FDB7D4134}.Ad-Hoc|ARM.ActiveCfg = Ad-Hoc|iPhone
		{3B4FEAC1-FA4D-4D29-A3CA-BD9FDB7D4134}.Ad-Hoc|iPhone.ActiveCfg = Ad-Hoc|iPhone
		{3B4FEAC1-FA4D-4D29-A3CA-BD9FDB7D4134}.Ad-Hoc|iPhone.Build.0 = Ad-Hoc|iPhone
		{3B4FEAC1-FA4D-4D29-A3CA-BD9FDB7D4134}.Ad-Hoc|iPhoneSimulator.ActiveCfg = Ad-Hoc|iPhoneSimulator
		{3B4FEAC1-FA4D-4D29-A3CA-BD9FDB7D4134}.Ad-Hoc|iPhoneSimulator.Build.0 = Ad-Hoc|iPhoneSimulator
		{3B4FEAC1-FA4D-4D29-A3CA-BD9FDB7D4134}.Ad-Hoc|x64.ActiveCfg = Ad-Hoc|iPhone
		{3B4FEAC1-FA4D-4D29-A3CA-BD9FDB7D4134}.Ad-Hoc|x86.ActiveCfg = Ad-Hoc|iPhone
		{3B4FEAC1-FA4D-4D29-A3CA-BD9FDB7D4134}.AppStore|Any CPU.ActiveCfg = AppStore|iPhone
		{3B4FEAC1-FA4D-4D29-A3CA-BD9FDB7D4134}.AppStore|ARM.ActiveCfg = AppStore|iPhone
		{3B4FEAC1-FA4D-4D29-A3CA-BD9FDB7D4134}.AppStore|iPhone.ActiveCfg = AppStore|iPhone
		{3B4FEAC1-FA4D-4D29-A3CA-BD9FDB7D4134}.AppStore|iPhone.Build.0 = AppStore|iPhone
		{3B4FEAC1-FA4D-4D29-A3CA-BD9FDB7D4134}.AppStore|iPhoneSimulator.ActiveCfg = AppStore|iPhoneSimulator
		{3B4FEAC1-FA4D-4D29-A3CA-BD9FDB7D4134}.AppStore|iPhoneSimulator.Build.0 = AppStore|iPhoneSimulator
		{3B4FEAC1-FA4D-4D29-A3CA-BD9FDB7D4134}.AppStore|x64.ActiveCfg = AppStore|iPhone
		{3B4FEAC1-FA4D-4D29-A3CA-BD9FDB7D4134}.AppStore|x86.ActiveCfg = AppStore|iPhone
		{3B4FEAC1-FA4D-4D29-A3CA-BD9FDB7D4134}.Debug|Any CPU.ActiveCfg = Debug|iPhone
		{3B4FEAC1-FA4D-4D29-A3CA-BD9FDB7D4134}.Debug|ARM.ActiveCfg = Debug|iPhone
		{3B4FEAC1-FA4D-4D29-A3CA-BD9FDB7D4134}.Debug|iPhone.ActiveCfg = Debug|iPhone
		{3B4FEAC1-FA4D-4D29-A3CA-BD9FDB7D4134}.Debug|iPhone.Build.0 = Debug|iPhone
		{3B4FEAC1-FA4D-4D29-A3CA-BD9FDB7D4134}.Debug|iPhoneSimulator.ActiveCfg = Debug|iPhoneSimulator
		{3B4FEAC1-FA4D-4D29-A3CA-BD9FDB7D4134}.Debug|iPhoneSimulator.Build.0 = Debug|iPhoneSimulator
		{3B4FEAC1-FA4D-4D29-A3CA-BD9FDB7D4134}.Debug|x64.ActiveCfg = Debug|iPhone
		{3B4FEAC1-FA4D-4D29-A3CA-BD9FDB7D4134}.Debug|x86.ActiveCfg = Debug|iPhone
		{3B4FEAC1-FA4D-4D29-A3CA-BD9FDB7D4134}.Release|Any CPU.ActiveCfg = Release|iPhone
		{3B4FEAC1-FA4D-4D29-A3CA-BD9FDB7D4134}.Release|ARM.ActiveCfg = Release|iPhone
		{3B4FEAC1-FA4D-4D29-A3CA-BD9FDB7D4134}.Release|iPhone.ActiveCfg = Release|iPhone
		{3B4FEAC1-FA4D-4D29-A3CA-BD9FDB7D4134}.Release|iPhone.Build.0 = Release|iPhone
		{3B4FEAC1-FA4D-4D29-A3CA-BD9FDB7D4134}.Release|iPhoneSimulator.ActiveCfg = Release|iPhoneSimulator
		{3B4FEAC1-FA4D-4D29-A3CA-BD9FDB7D4134}.Release|iPhoneSimulator.Build.0 = Release|iPhoneSimulator
		{3B4FEAC1-FA4D-4D29-A3CA-BD9FDB7D4134}.Release|x64.ActiveCfg = Release|iPhone
		{3B4FEAC1-FA4D-4D29-A3CA-BD9FDB7D4134}.Release|x86.ActiveCfg = Release|iPhone
		{995F40E1-F09E-4872-B2DD-ADCD645F6A1C}.Ad-Hoc|Any CPU.ActiveCfg = Release|Any CPU
		{995F40E1-F09E-4872-B2DD-ADCD645F6A1C}.Ad-Hoc|Any CPU.Build.0 = Release|Any CPU
		{995F40E1-F09E-4872-B2DD-ADCD645F6A1C}.Ad-Hoc|Any CPU.Deploy.0 = Release|Any CPU
		{995F40E1-F09E-4872-B2DD-ADCD645F6A1C}.Ad-Hoc|ARM.ActiveCfg = Release|ARM
		{995F40E1-F09E-4872-B2DD-ADCD645F6A1C}.Ad-Hoc|ARM.Build.0 = Release|ARM
		{995F40E1-F09E-4872-B2DD-ADCD645F6A1C}.Ad-Hoc|ARM.Deploy.0 = Release|ARM
		{995F40E1-F09E-4872-B2DD-ADCD645F6A1C}.Ad-Hoc|iPhone.ActiveCfg = Release|Any CPU
		{995F40E1-F09E-4872-B2DD-ADCD645F6A1C}.Ad-Hoc|iPhone.Build.0 = Release|Any CPU
		{995F40E1-F09E-4872-B2DD-ADCD645F6A1C}.Ad-Hoc|iPhone.Deploy.0 = Release|Any CPU
		{995F40E1-F09E-4872-B2DD-ADCD645F6A1C}.Ad-Hoc|iPhoneSimulator.ActiveCfg = Release|Any CPU
		{995F40E1-F09E-4872-B2DD-ADCD645F6A1C}.Ad-Hoc|iPhoneSimulator.Build.0 = Release|Any CPU
		{995F40E1-F09E-4872-B2DD-ADCD645F6A1C}.Ad-Hoc|iPhoneSimulator.Deploy.0 = Release|Any CPU
		{995F40E1-F09E-4872-B2DD-ADCD645F6A1C}.Ad-Hoc|x64.ActiveCfg = Release|Any CPU
		{995F40E1-F09E-4872-B2DD-ADCD645F6A1C}.Ad-Hoc|x64.Build.0 = Release|Any CPU
		{995F40E1-F09E-4872-B2DD-ADCD645F6A1C}.Ad-Hoc|x64.Deploy.0 = Release|Any CPU
		{995F40E1-F09E-4872-B2DD-ADCD645F6A1C}.Ad-Hoc|x86.ActiveCfg = Release|x86
		{995F40E1-F09E-4872-B2DD-ADCD645F6A1C}.Ad-Hoc|x86.Build.0 = Release|x86
		{995F40E1-F09E-4872-B2DD-ADCD645F6A1C}.Ad-Hoc|x86.Deploy.0 = Release|x86
		{995F40E1-F09E-4872-B2DD-ADCD645F6A1C}.AppStore|Any CPU.ActiveCfg = Release|Any CPU
		{995F40E1-F09E-4872-B2DD-ADCD645F6A1C}.AppStore|Any CPU.Build.0 = Release|Any CPU
		{995F40E1-F09E-4872-B2DD-ADCD645F6A1C}.AppStore|Any CPU.Deploy.0 = Release|Any CPU
		{995F40E1-F09E-4872-B2DD-ADCD645F6A1C}.AppStore|ARM.ActiveCfg = Release|ARM
		{995F40E1-F09E-4872-B2DD-ADCD645F6A1C}.AppStore|ARM.Build.0 = Release|ARM
		{995F40E1-F09E-4872-B2DD-ADCD645F6A1C}.AppStore|ARM.Deploy.0 = Release|ARM
		{995F40E1-F09E-4872-B2DD-ADCD645F6A1C}.AppStore|iPhone.ActiveCfg = Release|Any CPU
		{995F40E1-F09E-4872-B2DD-ADCD645F6A1C}.AppStore|iPhone.Build.0 = Release|Any CPU
		{995F40E1-F09E-4872-B2DD-ADCD645F6A1C}.AppStore|iPhone.Deploy.0 = Release|Any CPU
		{995F40E1-F09E-4872-B2DD-ADCD645F6A1C}.AppStore|iPhoneSimulator.ActiveCfg = Release|Any CPU
		{995F40E1-F09E-4872-B2DD-ADCD645F6A1C}.AppStore|iPhoneSimulator.Build.0 = Release|Any CPU
		{995F40E1-F09E-4872-B2DD-ADCD645F6A1C}.AppStore|iPhoneSimulator.Deploy.0 = Release|Any CPU
		{995F40E1-F09E-4872-B2DD-ADCD645F6A1C}.AppStore|x64.ActiveCfg = Release|Any CPU
		{995F40E1-F09E-4872-B2DD-ADCD645F6A1C}.AppStore|x64.Build.0 = Release|Any CPU
		{995F40E1-F09E-4872-B2DD-ADCD645F6A1C}.AppStore|x64.Deploy.0 = Release|Any CPU
		{995F40E1-F09E-4872-B2DD-ADCD645F6A1C}.AppStore|x86.ActiveCfg = Release|x86
		{995F40E1-F09E-4872-B2DD-ADCD645F6A1C}.AppStore|x86.Build.0 = Release|x86
		{995F40E1-F09E-4872-B2DD-ADCD645F6A1C}.AppStore|x86.Deploy.0 = Release|x86
		{995F40E1-F09E-4872-B2DD-ADCD645F6A1C}.Debug|Any CPU.ActiveCfg = Debug|Any CPU
		{995F40E1-F09E-4872-B2DD-ADCD645F6A1C}.Debug|Any CPU.Build.0 = Debug|Any CPU
		{995F40E1-F09E-4872-B2DD-ADCD645F6A1C}.Debug|Any CPU.Deploy.0 = Debug|Any CPU
		{995F40E1-F09E-4872-B2DD-ADCD645F6A1C}.Debug|ARM.ActiveCfg = Debug|ARM
		{995F40E1-F09E-4872-B2DD-ADCD645F6A1C}.Debug|ARM.Build.0 = Debug|ARM
		{995F40E1-F09E-4872-B2DD-ADCD645F6A1C}.Debug|ARM.Deploy.0 = Debug|ARM
		{995F40E1-F09E-4872-B2DD-ADCD645F6A1C}.Debug|iPhone.ActiveCfg = Debug|Any CPU
		{995F40E1-F09E-4872-B2DD-ADCD645F6A1C}.Debug|iPhone.Build.0 = Debug|Any CPU
		{995F40E1-F09E-4872-B2DD-ADCD645F6A1C}.Debug|iPhone.Deploy.0 = Debug|Any CPU
		{995F40E1-F09E-4872-B2DD-ADCD645F6A1C}.Debug|iPhoneSimulator.ActiveCfg = Debug|Any CPU
		{995F40E1-F09E-4872-B2DD-ADCD645F6A1C}.Debug|iPhoneSimulator.Build.0 = Debug|Any CPU
		{995F40E1-F09E-4872-B2DD-ADCD645F6A1C}.Debug|iPhoneSimulator.Deploy.0 = Debug|Any CPU
		{995F40E1-F09E-4872-B2DD-ADCD645F6A1C}.Debug|x64.ActiveCfg = Debug|Any CPU
		{995F40E1-F09E-4872-B2DD-ADCD645F6A1C}.Debug|x64.Build.0 = Debug|Any CPU
		{995F40E1-F09E-4872-B2DD-ADCD645F6A1C}.Debug|x64.Deploy.0 = Debug|Any CPU
		{995F40E1-F09E-4872-B2DD-ADCD645F6A1C}.Debug|x86.ActiveCfg = Debug|x86
		{995F40E1-F09E-4872-B2DD-ADCD645F6A1C}.Debug|x86.Build.0 = Debug|x86
		{995F40E1-F09E-4872-B2DD-ADCD645F6A1C}.Debug|x86.Deploy.0 = Debug|x86
		{995F40E1-F09E-4872-B2DD-ADCD645F6A1C}.Release|Any CPU.ActiveCfg = Release|Any CPU
		{995F40E1-F09E-4872-B2DD-ADCD645F6A1C}.Release|Any CPU.Build.0 = Release|Any CPU
		{995F40E1-F09E-4872-B2DD-ADCD645F6A1C}.Release|Any CPU.Deploy.0 = Release|Any CPU
		{995F40E1-F09E-4872-B2DD-ADCD645F6A1C}.Release|ARM.ActiveCfg = Release|ARM
		{995F40E1-F09E-4872-B2DD-ADCD645F6A1C}.Release|ARM.Build.0 = Release|ARM
		{995F40E1-F09E-4872-B2DD-ADCD645F6A1C}.Release|ARM.Deploy.0 = Release|ARM
		{995F40E1-F09E-4872-B2DD-ADCD645F6A1C}.Release|iPhone.ActiveCfg = Release|Any CPU
		{995F40E1-F09E-4872-B2DD-ADCD645F6A1C}.Release|iPhone.Build.0 = Release|Any CPU
		{995F40E1-F09E-4872-B2DD-ADCD645F6A1C}.Release|iPhone.Deploy.0 = Release|Any CPU
		{995F40E1-F09E-4872-B2DD-ADCD645F6A1C}.Release|iPhoneSimulator.ActiveCfg = Release|Any CPU
		{995F40E1-F09E-4872-B2DD-ADCD645F6A1C}.Release|iPhoneSimulator.Build.0 = Release|Any CPU
		{995F40E1-F09E-4872-B2DD-ADCD645F6A1C}.Release|iPhoneSimulator.Deploy.0 = Release|Any CPU
		{995F40E1-F09E-4872-B2DD-ADCD645F6A1C}.Release|x64.ActiveCfg = Release|Any CPU
		{995F40E1-F09E-4872-B2DD-ADCD645F6A1C}.Release|x64.Build.0 = Release|Any CPU
		{995F40E1-F09E-4872-B2DD-ADCD645F6A1C}.Release|x64.Deploy.0 = Release|Any CPU
		{995F40E1-F09E-4872-B2DD-ADCD645F6A1C}.Release|x86.ActiveCfg = Release|x86
		{995F40E1-F09E-4872-B2DD-ADCD645F6A1C}.Release|x86.Build.0 = Release|x86
		{995F40E1-F09E-4872-B2DD-ADCD645F6A1C}.Release|x86.Deploy.0 = Release|x86
		{B352B536-52E9-4D7F-A017-26E11B39565B}.Ad-Hoc|Any CPU.ActiveCfg = Release|Any CPU
		{B352B536-52E9-4D7F-A017-26E11B39565B}.Ad-Hoc|Any CPU.Build.0 = Release|Any CPU
		{B352B536-52E9-4D7F-A017-26E11B39565B}.Ad-Hoc|ARM.ActiveCfg = Release|Any CPU
		{B352B536-52E9-4D7F-A017-26E11B39565B}.Ad-Hoc|ARM.Build.0 = Release|Any CPU
		{B352B536-52E9-4D7F-A017-26E11B39565B}.Ad-Hoc|iPhone.ActiveCfg = Release|Any CPU
		{B352B536-52E9-4D7F-A017-26E11B39565B}.Ad-Hoc|iPhone.Build.0 = Release|Any CPU
		{B352B536-52E9-4D7F-A017-26E11B39565B}.Ad-Hoc|iPhoneSimulator.ActiveCfg = Release|Any CPU
		{B352B536-52E9-4D7F-A017-26E11B39565B}.Ad-Hoc|iPhoneSimulator.Build.0 = Release|Any CPU
		{B352B536-52E9-4D7F-A017-26E11B39565B}.Ad-Hoc|x64.ActiveCfg = Release|Any CPU
		{B352B536-52E9-4D7F-A017-26E11B39565B}.Ad-Hoc|x64.Build.0 = Release|Any CPU
		{B352B536-52E9-4D7F-A017-26E11B39565B}.Ad-Hoc|x86.ActiveCfg = Release|Any CPU
		{B352B536-52E9-4D7F-A017-26E11B39565B}.Ad-Hoc|x86.Build.0 = Release|Any CPU
		{B352B536-52E9-4D7F-A017-26E11B39565B}.AppStore|Any CPU.ActiveCfg = Release|Any CPU
		{B352B536-52E9-4D7F-A017-26E11B39565B}.AppStore|Any CPU.Build.0 = Release|Any CPU
		{B352B536-52E9-4D7F-A017-26E11B39565B}.AppStore|ARM.ActiveCfg = Release|Any CPU
		{B352B536-52E9-4D7F-A017-26E11B39565B}.AppStore|ARM.Build.0 = Release|Any CPU
		{B352B536-52E9-4D7F-A017-26E11B39565B}.AppStore|iPhone.ActiveCfg = Release|Any CPU
		{B352B536-52E9-4D7F-A017-26E11B39565B}.AppStore|iPhone.Build.0 = Release|Any CPU
		{B352B536-52E9-4D7F-A017-26E11B39565B}.AppStore|iPhoneSimulator.ActiveCfg = Release|Any CPU
		{B352B536-52E9-4D7F-A017-26E11B39565B}.AppStore|iPhoneSimulator.Build.0 = Release|Any CPU
		{B352B536-52E9-4D7F-A017-26E11B39565B}.AppStore|x64.ActiveCfg = Release|Any CPU
		{B352B536-52E9-4D7F-A017-26E11B39565B}.AppStore|x64.Build.0 = Release|Any CPU
		{B352B536-52E9-4D7F-A017-26E11B39565B}.AppStore|x86.ActiveCfg = Release|Any CPU
		{B352B536-52E9-4D7F-A017-26E11B39565B}.AppStore|x86.Build.0 = Release|Any CPU
		{B352B536-52E9-4D7F-A017-26E11B39565B}.Debug|Any CPU.ActiveCfg = Debug|Any CPU
		{B352B536-52E9-4D7F-A017-26E11B39565B}.Debug|Any CPU.Build.0 = Debug|Any CPU
		{B352B536-52E9-4D7F-A017-26E11B39565B}.Debug|ARM.ActiveCfg = Debug|Any CPU
		{B352B536-52E9-4D7F-A017-26E11B39565B}.Debug|ARM.Build.0 = Debug|Any CPU
		{B352B536-52E9-4D7F-A017-26E11B39565B}.Debug|iPhone.ActiveCfg = Debug|Any CPU
		{B352B536-52E9-4D7F-A017-26E11B39565B}.Debug|iPhone.Build.0 = Debug|Any CPU
		{B352B536-52E9-4D7F-A017-26E11B39565B}.Debug|iPhoneSimulator.ActiveCfg = Debug|Any CPU
		{B352B536-52E9-4D7F-A017-26E11B39565B}.Debug|iPhoneSimulator.Build.0 = Debug|Any CPU
		{B352B536-52E9-4D7F-A017-26E11B39565B}.Debug|x64.ActiveCfg = Debug|Any CPU
		{B352B536-52E9-4D7F-A017-26E11B39565B}.Debug|x64.Build.0 = Debug|Any CPU
		{B352B536-52E9-4D7F-A017-26E11B39565B}.Debug|x86.ActiveCfg = Debug|Any CPU
		{B352B536-52E9-4D7F-A017-26E11B39565B}.Debug|x86.Build.0 = Debug|Any CPU
		{B352B536-52E9-4D7F-A017-26E11B39565B}.Release|Any CPU.ActiveCfg = Release|Any CPU
		{B352B536-52E9-4D7F-A017-26E11B39565B}.Release|Any CPU.Build.0 = Release|Any CPU
		{B352B536-52E9-4D7F-A017-26E11B39565B}.Release|ARM.ActiveCfg = Release|Any CPU
		{B352B536-52E9-4D7F-A017-26E11B39565B}.Release|ARM.Build.0 = Release|Any CPU
		{B352B536-52E9-4D7F-A017-26E11B39565B}.Release|iPhone.ActiveCfg = Release|Any CPU
		{B352B536-52E9-4D7F-A017-26E11B39565B}.Release|iPhone.Build.0 = Release|Any CPU
		{B352B536-52E9-4D7F-A017-26E11B39565B}.Release|iPhoneSimulator.ActiveCfg = Release|Any CPU
		{B352B536-52E9-4D7F-A017-26E11B39565B}.Release|iPhoneSimulator.Build.0 = Release|Any CPU
		{B352B536-52E9-4D7F-A017-26E11B39565B}.Release|x64.ActiveCfg = Release|Any CPU
		{B352B536-52E9-4D7F-A017-26E11B39565B}.Release|x64.Build.0 = Release|Any CPU
		{B352B536-52E9-4D7F-A017-26E11B39565B}.Release|x86.ActiveCfg = Release|Any CPU
		{B352B536-52E9-4D7F-A017-26E11B39565B}.Release|x86.Build.0 = Release|Any CPU
	EndGlobalSection
	GlobalSection(SolutionProperties) = preSolution
		HideSolutionNode = FALSE
	EndGlobalSection
EndGlobal
