
Microsoft Visual Studio Solution File, Format Version 12.00
# Visual Studio 14
VisualStudioVersion = 14.0.25123.0
MinimumVisualStudioVersion = 10.0.40219.1
Project("{FAE04EC0-301F-11D3-BF4B-00C04F79EFBC}") = "App2.Droid", "App2\App2.Droid\App2.Droid.csproj", "{F13AB7BD-5632-4F68-B442-962130F52ECB}"
EndProject
Project("{FAE04EC0-301F-11D3-BF4B-00C04F79EFBC}") = "App2.iOS", "App2\App2.iOS\App2.iOS.csproj", "{F8826315-32B6-4135-9F5C-E3924B445C9A}"
EndProject
Project("{FAE04EC0-301F-11D3-BF4B-00C04F79EFBC}") = "App2.WinPhone", "App2\App2.WinPhone\App2.WinPhone.csproj", "{2AAD276C-7B9D-42E4-B5F7-CDFC0CB844EF}"
EndProject
Project("{FAE04EC0-301F-11D3-BF4B-00C04F79EFBC}") = "App2.UWP", "App2\App2.UWP\App2.UWP.csproj", "{3F54ED49-4012-4EB0-B8CE-7F9D7D87DD0E}"
EndProject
Project("{FAE04EC0-301F-11D3-BF4B-00C04F79EFBC}") = "App2.Windows", "App2\App2.Windows\App2.Windows.csproj", "{A075965A-577D-4C4A-B98D-25C464BD0124}"
EndProject
Project("{FAE04EC0-301F-11D3-BF4B-00C04F79EFBC}") = "App2", "App2\App2\App2.csproj", "{2EEA4863-0F4E-4AA0-9EE6-B97C7DF26316}"
EndProject
Global
	GlobalSection(SolutionConfigurationPlatforms) = preSolution
		Ad-Hoc|Any CPU = Ad-Hoc|Any CPU
		Ad-Hoc|ARM = Ad-Hoc|ARM
		Ad-Hoc|iPhone = Ad-Hoc|iPhone
		Ad-Hoc|iPhoneSimulator = Ad-Hoc|iPhoneSimulator
		Ad-Hoc|x64 = Ad-Hoc|x64
		Ad-Hoc|x86 = Ad-Hoc|x86
		AppStore|Any CPU = AppStore|Any CPU
		AppStore|ARM = AppStore|ARM
		AppStore|iPhone = AppStore|iPhone
		AppStore|iPhoneSimulator = AppStore|iPhoneSimulator
		AppStore|x64 = AppStore|x64
		AppStore|x86 = AppStore|x86
		Debug|Any CPU = Debug|Any CPU
		Debug|ARM = Debug|ARM
		Debug|iPhone = Debug|iPhone
		Debug|iPhoneSimulator = Debug|iPhoneSimulator
		Debug|x64 = Debug|x64
		Debug|x86 = Debug|x86
		Release|Any CPU = Release|Any CPU
		Release|ARM = Release|ARM
		Release|iPhone = Release|iPhone
		Release|iPhoneSimulator = Release|iPhoneSimulator
		Release|x64 = Release|x64
		Release|x86 = Release|x86
	EndGlobalSection
	GlobalSection(ProjectConfigurationPlatforms) = postSolution
		{F13AB7BD-5632-4F68-B442-962130F52ECB}.Ad-Hoc|Any CPU.ActiveCfg = Release|Any CPU
		{F13AB7BD-5632-4F68-B442-962130F52ECB}.Ad-Hoc|Any CPU.Build.0 = Release|Any CPU
		{F13AB7BD-5632-4F68-B442-962130F52ECB}.Ad-Hoc|Any CPU.Deploy.0 = Release|Any CPU
		{F13AB7BD-5632-4F68-B442-962130F52ECB}.Ad-Hoc|ARM.ActiveCfg = Release|Any CPU
		{F13AB7BD-5632-4F68-B442-962130F52ECB}.Ad-Hoc|ARM.Build.0 = Release|Any CPU
		{F13AB7BD-5632-4F68-B442-962130F52ECB}.Ad-Hoc|ARM.Deploy.0 = Release|Any CPU
		{F13AB7BD-5632-4F68-B442-962130F52ECB}.Ad-Hoc|iPhone.ActiveCfg = Release|Any CPU
		{F13AB7BD-5632-4F68-B442-962130F52ECB}.Ad-Hoc|iPhone.Build.0 = Release|Any CPU
		{F13AB7BD-5632-4F68-B442-962130F52ECB}.Ad-Hoc|iPhone.Deploy.0 = Release|Any CPU
		{F13AB7BD-5632-4F68-B442-962130F52ECB}.Ad-Hoc|iPhoneSimulator.ActiveCfg = Release|Any CPU
		{F13AB7BD-5632-4F68-B442-962130F52ECB}.Ad-Hoc|iPhoneSimulator.Build.0 = Release|Any CPU
		{F13AB7BD-5632-4F68-B442-962130F52ECB}.Ad-Hoc|iPhoneSimulator.Deploy.0 = Release|Any CPU
		{F13AB7BD-5632-4F68-B442-962130F52ECB}.Ad-Hoc|x64.ActiveCfg = Release|Any CPU
		{F13AB7BD-5632-4F68-B442-962130F52ECB}.Ad-Hoc|x64.Build.0 = Release|Any CPU
		{F13AB7BD-5632-4F68-B442-962130F52ECB}.Ad-Hoc|x64.Deploy.0 = Release|Any CPU
		{F13AB7BD-5632-4F68-B442-962130F52ECB}.Ad-Hoc|x86.ActiveCfg = Release|Any CPU
		{F13AB7BD-5632-4F68-B442-962130F52ECB}.Ad-Hoc|x86.Build.0 = Release|Any CPU
		{F13AB7BD-5632-4F68-B442-962130F52ECB}.Ad-Hoc|x86.Deploy.0 = Release|Any CPU
		{F13AB7BD-5632-4F68-B442-962130F52ECB}.AppStore|Any CPU.ActiveCfg = Release|Any CPU
		{F13AB7BD-5632-4F68-B442-962130F52ECB}.AppStore|Any CPU.Build.0 = Release|Any CPU
		{F13AB7BD-5632-4F68-B442-962130F52ECB}.AppStore|Any CPU.Deploy.0 = Release|Any CPU
		{F13AB7BD-5632-4F68-B442-962130F52ECB}.AppStore|ARM.ActiveCfg = Release|Any CPU
		{F13AB7BD-5632-4F68-B442-962130F52ECB}.AppStore|ARM.Build.0 = Release|Any CPU
		{F13AB7BD-5632-4F68-B442-962130F52ECB}.AppStore|ARM.Deploy.0 = Release|Any CPU
		{F13AB7BD-5632-4F68-B442-962130F52ECB}.AppStore|iPhone.ActiveCfg = Release|Any CPU
		{F13AB7BD-5632-4F68-B442-962130F52ECB}.AppStore|iPhone.Build.0 = Release|Any CPU
		{F13AB7BD-5632-4F68-B442-962130F52ECB}.AppStore|iPhone.Deploy.0 = Release|Any CPU
		{F13AB7BD-5632-4F68-B442-962130F52ECB}.AppStore|iPhoneSimulator.ActiveCfg = Release|Any CPU
		{F13AB7BD-5632-4F68-B442-962130F52ECB}.AppStore|iPhoneSimulator.Build.0 = Release|Any CPU
		{F13AB7BD-5632-4F68-B442-962130F52ECB}.AppStore|iPhoneSimulator.Deploy.0 = Release|Any CPU
		{F13AB7BD-5632-4F68-B442-962130F52ECB}.AppStore|x64.ActiveCfg = Release|Any CPU
		{F13AB7BD-5632-4F68-B442-962130F52ECB}.AppStore|x64.Build.0 = Release|Any CPU
		{F13AB7BD-5632-4F68-B442-962130F52ECB}.AppStore|x64.Deploy.0 = Release|Any CPU
		{F13AB7BD-5632-4F68-B442-962130F52ECB}.AppStore|x86.ActiveCfg = Release|Any CPU
		{F13AB7BD-5632-4F68-B442-962130F52ECB}.AppStore|x86.Build.0 = Release|Any CPU
		{F13AB7BD-5632-4F68-B442-962130F52ECB}.AppStore|x86.Deploy.0 = Release|Any CPU
		{F13AB7BD-5632-4F68-B442-962130F52ECB}.Debug|Any CPU.ActiveCfg = Debug|Any CPU
		{F13AB7BD-5632-4F68-B442-962130F52ECB}.Debug|Any CPU.Build.0 = Debug|Any CPU
		{F13AB7BD-5632-4F68-B442-962130F52ECB}.Debug|Any CPU.Deploy.0 = Debug|Any CPU
		{F13AB7BD-5632-4F68-B442-962130F52ECB}.Debug|ARM.ActiveCfg = Debug|Any CPU
		{F13AB7BD-5632-4F68-B442-962130F52ECB}.Debug|ARM.Build.0 = Debug|Any CPU
		{F13AB7BD-5632-4F68-B442-962130F52ECB}.Debug|ARM.Deploy.0 = Debug|Any CPU
		{F13AB7BD-5632-4F68-B442-962130F52ECB}.Debug|iPhone.ActiveCfg = Debug|Any CPU
		{F13AB7BD-5632-4F68-B442-962130F52ECB}.Debug|iPhone.Build.0 = Debug|Any CPU
		{F13AB7BD-5632-4F68-B442-962130F52ECB}.Debug|iPhone.Deploy.0 = Debug|Any CPU
		{F13AB7BD-5632-4F68-B442-962130F52ECB}.Debug|iPhoneSimulator.ActiveCfg = Debug|Any CPU
		{F13AB7BD-5632-4F68-B442-962130F52ECB}.Debug|iPhoneSimulator.Build.0 = Debug|Any CPU
		{F13AB7BD-5632-4F68-B442-962130F52ECB}.Debug|iPhoneSimulator.Deploy.0 = Debug|Any CPU
		{F13AB7BD-5632-4F68-B442-962130F52ECB}.Debug|x64.ActiveCfg = Debug|Any CPU
		{F13AB7BD-5632-4F68-B442-962130F52ECB}.Debug|x64.Build.0 = Debug|Any CPU
		{F13AB7BD-5632-4F68-B442-962130F52ECB}.Debug|x64.Deploy.0 = Debug|Any CPU
		{F13AB7BD-5632-4F68-B442-962130F52ECB}.Debug|x86.ActiveCfg = Debug|Any CPU
		{F13AB7BD-5632-4F68-B442-962130F52ECB}.Debug|x86.Build.0 = Debug|Any CPU
		{F13AB7BD-5632-4F68-B442-962130F52ECB}.Debug|x86.Deploy.0 = Debug|Any CPU
		{F13AB7BD-5632-4F68-B442-962130F52ECB}.Release|Any CPU.ActiveCfg = Release|Any CPU
		{F13AB7BD-5632-4F68-B442-962130F52ECB}.Release|Any CPU.Build.0 = Release|Any CPU
		{F13AB7BD-5632-4F68-B442-962130F52ECB}.Release|Any CPU.Deploy.0 = Release|Any CPU
		{F13AB7BD-5632-4F68-B442-962130F52ECB}.Release|ARM.ActiveCfg = Release|Any CPU
		{F13AB7BD-5632-4F68-B442-962130F52ECB}.Release|ARM.Build.0 = Release|Any CPU
		{F13AB7BD-5632-4F68-B442-962130F52ECB}.Release|ARM.Deploy.0 = Release|Any CPU
		{F13AB7BD-5632-4F68-B442-962130F52ECB}.Release|iPhone.ActiveCfg = Release|Any CPU
		{F13AB7BD-5632-4F68-B442-962130F52ECB}.Release|iPhone.Build.0 = Release|Any CPU
		{F13AB7BD-5632-4F68-B442-962130F52ECB}.Release|iPhone.Deploy.0 = Release|Any CPU
		{F13AB7BD-5632-4F68-B442-962130F52ECB}.Release|iPhoneSimulator.ActiveCfg = Release|Any CPU
		{F13AB7BD-5632-4F68-B442-962130F52ECB}.Release|iPhoneSimulator.Build.0 = Release|Any CPU
		{F13AB7BD-5632-4F68-B442-962130F52ECB}.Release|iPhoneSimulator.Deploy.0 = Release|Any CPU
		{F13AB7BD-5632-4F68-B442-962130F52ECB}.Release|x64.ActiveCfg = Release|Any CPU
		{F13AB7BD-5632-4F68-B442-962130F52ECB}.Release|x64.Build.0 = Release|Any CPU
		{F13AB7BD-5632-4F68-B442-962130F52ECB}.Release|x64.Deploy.0 = Release|Any CPU
		{F13AB7BD-5632-4F68-B442-962130F52ECB}.Release|x86.ActiveCfg = Release|Any CPU
		{F13AB7BD-5632-4F68-B442-962130F52ECB}.Release|x86.Build.0 = Release|Any CPU
		{F13AB7BD-5632-4F68-B442-962130F52ECB}.Release|x86.Deploy.0 = Release|Any CPU
		{F8826315-32B6-4135-9F5C-E3924B445C9A}.Ad-Hoc|Any CPU.ActiveCfg = Ad-Hoc|iPhone
		{F8826315-32B6-4135-9F5C-E3924B445C9A}.Ad-Hoc|ARM.ActiveCfg = Ad-Hoc|iPhone
		{F8826315-32B6-4135-9F5C-E3924B445C9A}.Ad-Hoc|iPhone.ActiveCfg = Ad-Hoc|iPhone
		{F8826315-32B6-4135-9F5C-E3924B445C9A}.Ad-Hoc|iPhone.Build.0 = Ad-Hoc|iPhone
		{F8826315-32B6-4135-9F5C-E3924B445C9A}.Ad-Hoc|iPhoneSimulator.ActiveCfg = Ad-Hoc|iPhoneSimulator
		{F8826315-32B6-4135-9F5C-E3924B445C9A}.Ad-Hoc|iPhoneSimulator.Build.0 = Ad-Hoc|iPhoneSimulator
		{F8826315-32B6-4135-9F5C-E3924B445C9A}.Ad-Hoc|x64.ActiveCfg = Ad-Hoc|iPhone
		{F8826315-32B6-4135-9F5C-E3924B445C9A}.Ad-Hoc|x86.ActiveCfg = Ad-Hoc|iPhone
		{F8826315-32B6-4135-9F5C-E3924B445C9A}.AppStore|Any CPU.ActiveCfg = AppStore|iPhone
		{F8826315-32B6-4135-9F5C-E3924B445C9A}.AppStore|ARM.ActiveCfg = AppStore|iPhone
		{F8826315-32B6-4135-9F5C-E3924B445C9A}.AppStore|iPhone.ActiveCfg = AppStore|iPhone
		{F8826315-32B6-4135-9F5C-E3924B445C9A}.AppStore|iPhone.Build.0 = AppStore|iPhone
		{F8826315-32B6-4135-9F5C-E3924B445C9A}.AppStore|iPhoneSimulator.ActiveCfg = AppStore|iPhoneSimulator
		{F8826315-32B6-4135-9F5C-E3924B445C9A}.AppStore|iPhoneSimulator.Build.0 = AppStore|iPhoneSimulator
		{F8826315-32B6-4135-9F5C-E3924B445C9A}.AppStore|x64.ActiveCfg = AppStore|iPhone
		{F8826315-32B6-4135-9F5C-E3924B445C9A}.AppStore|x86.ActiveCfg = AppStore|iPhone
		{F8826315-32B6-4135-9F5C-E3924B445C9A}.Debug|Any CPU.ActiveCfg = Debug|iPhone
		{F8826315-32B6-4135-9F5C-E3924B445C9A}.Debug|ARM.ActiveCfg = Debug|iPhone
		{F8826315-32B6-4135-9F5C-E3924B445C9A}.Debug|iPhone.ActiveCfg = Debug|iPhone
		{F8826315-32B6-4135-9F5C-E3924B445C9A}.Debug|iPhone.Build.0 = Debug|iPhone
		{F8826315-32B6-4135-9F5C-E3924B445C9A}.Debug|iPhoneSimulator.ActiveCfg = Debug|iPhoneSimulator
		{F8826315-32B6-4135-9F5C-E3924B445C9A}.Debug|iPhoneSimulator.Build.0 = Debug|iPhoneSimulator
		{F8826315-32B6-4135-9F5C-E3924B445C9A}.Debug|x64.ActiveCfg = Debug|iPhone
		{F8826315-32B6-4135-9F5C-E3924B445C9A}.Debug|x86.ActiveCfg = Debug|iPhone
		{F8826315-32B6-4135-9F5C-E3924B445C9A}.Release|Any CPU.ActiveCfg = Release|iPhone
		{F8826315-32B6-4135-9F5C-E3924B445C9A}.Release|ARM.ActiveCfg = Release|iPhone
		{F8826315-32B6-4135-9F5C-E3924B445C9A}.Release|iPhone.ActiveCfg = Release|iPhone
		{F8826315-32B6-4135-9F5C-E3924B445C9A}.Release|iPhone.Build.0 = Release|iPhone
		{F8826315-32B6-4135-9F5C-E3924B445C9A}.Release|iPhoneSimulator.ActiveCfg = Release|iPhoneSimulator
		{F8826315-32B6-4135-9F5C-E3924B445C9A}.Release|iPhoneSimulator.Build.0 = Release|iPhoneSimulator
		{F8826315-32B6-4135-9F5C-E3924B445C9A}.Release|x64.ActiveCfg = Release|iPhone
		{F8826315-32B6-4135-9F5C-E3924B445C9A}.Release|x86.ActiveCfg = Release|iPhone
		{2AAD276C-7B9D-42E4-B5F7-CDFC0CB844EF}.Ad-Hoc|Any CPU.ActiveCfg = Release|Any CPU
		{2AAD276C-7B9D-42E4-B5F7-CDFC0CB844EF}.Ad-Hoc|Any CPU.Build.0 = Release|Any CPU
		{2AAD276C-7B9D-42E4-B5F7-CDFC0CB844EF}.Ad-Hoc|Any CPU.Deploy.0 = Release|Any CPU
		{2AAD276C-7B9D-42E4-B5F7-CDFC0CB844EF}.Ad-Hoc|ARM.ActiveCfg = Release|ARM
		{2AAD276C-7B9D-42E4-B5F7-CDFC0CB844EF}.Ad-Hoc|ARM.Build.0 = Release|ARM
		{2AAD276C-7B9D-42E4-B5F7-CDFC0CB844EF}.Ad-Hoc|ARM.Deploy.0 = Release|ARM
		{2AAD276C-7B9D-42E4-B5F7-CDFC0CB844EF}.Ad-Hoc|iPhone.ActiveCfg = Release|Any CPU
		{2AAD276C-7B9D-42E4-B5F7-CDFC0CB844EF}.Ad-Hoc|iPhone.Build.0 = Release|Any CPU
		{2AAD276C-7B9D-42E4-B5F7-CDFC0CB844EF}.Ad-Hoc|iPhone.Deploy.0 = Release|Any CPU
		{2AAD276C-7B9D-42E4-B5F7-CDFC0CB844EF}.Ad-Hoc|iPhoneSimulator.ActiveCfg = Release|Any CPU
		{2AAD276C-7B9D-42E4-B5F7-CDFC0CB844EF}.Ad-Hoc|iPhoneSimulator.Build.0 = Release|Any CPU
		{2AAD276C-7B9D-42E4-B5F7-CDFC0CB844EF}.Ad-Hoc|iPhoneSimulator.Deploy.0 = Release|Any CPU
		{2AAD276C-7B9D-42E4-B5F7-CDFC0CB844EF}.Ad-Hoc|x64.ActiveCfg = Release|Any CPU
		{2AAD276C-7B9D-42E4-B5F7-CDFC0CB844EF}.Ad-Hoc|x64.Build.0 = Release|Any CPU
		{2AAD276C-7B9D-42E4-B5F7-CDFC0CB844EF}.Ad-Hoc|x64.Deploy.0 = Release|Any CPU
		{2AAD276C-7B9D-42E4-B5F7-CDFC0CB844EF}.Ad-Hoc|x86.ActiveCfg = Release|x86
		{2AAD276C-7B9D-42E4-B5F7-CDFC0CB844EF}.Ad-Hoc|x86.Build.0 = Release|x86
		{2AAD276C-7B9D-42E4-B5F7-CDFC0CB844EF}.Ad-Hoc|x86.Deploy.0 = Release|x86
		{2AAD276C-7B9D-42E4-B5F7-CDFC0CB844EF}.AppStore|Any CPU.ActiveCfg = Release|Any CPU
		{2AAD276C-7B9D-42E4-B5F7-CDFC0CB844EF}.AppStore|Any CPU.Build.0 = Release|Any CPU
		{2AAD276C-7B9D-42E4-B5F7-CDFC0CB844EF}.AppStore|Any CPU.Deploy.0 = Release|Any CPU
		{2AAD276C-7B9D-42E4-B5F7-CDFC0CB844EF}.AppStore|ARM.ActiveCfg = Release|ARM
		{2AAD276C-7B9D-42E4-B5F7-CDFC0CB844EF}.AppStore|ARM.Build.0 = Release|ARM
		{2AAD276C-7B9D-42E4-B5F7-CDFC0CB844EF}.AppStore|ARM.Deploy.0 = Release|ARM
		{2AAD276C-7B9D-42E4-B5F7-CDFC0CB844EF}.AppStore|iPhone.ActiveCfg = Release|Any CPU
		{2AAD276C-7B9D-42E4-B5F7-CDFC0CB844EF}.AppStore|iPhone.Build.0 = Release|Any CPU
		{2AAD276C-7B9D-42E4-B5F7-CDFC0CB844EF}.AppStore|iPhone.Deploy.0 = Release|Any CPU
		{2AAD276C-7B9D-42E4-B5F7-CDFC0CB844EF}.AppStore|iPhoneSimulator.ActiveCfg = Release|Any CPU
		{2AAD276C-7B9D-42E4-B5F7-CDFC0CB844EF}.AppStore|iPhoneSimulator.Build.0 = Release|Any CPU
		{2AAD276C-7B9D-42E4-B5F7-CDFC0CB844EF}.AppStore|iPhoneSimulator.Deploy.0 = Release|Any CPU
		{2AAD276C-7B9D-42E4-B5F7-CDFC0CB844EF}.AppStore|x64.ActiveCfg = Release|Any CPU
		{2AAD276C-7B9D-42E4-B5F7-CDFC0CB844EF}.AppStore|x64.Build.0 = Release|Any CPU
		{2AAD276C-7B9D-42E4-B5F7-CDFC0CB844EF}.AppStore|x64.Deploy.0 = Release|Any CPU
		{2AAD276C-7B9D-42E4-B5F7-CDFC0CB844EF}.AppStore|x86.ActiveCfg = Release|x86
		{2AAD276C-7B9D-42E4-B5F7-CDFC0CB844EF}.AppStore|x86.Build.0 = Release|x86
		{2AAD276C-7B9D-42E4-B5F7-CDFC0CB844EF}.AppStore|x86.Deploy.0 = Release|x86
		{2AAD276C-7B9D-42E4-B5F7-CDFC0CB844EF}.Debug|Any CPU.ActiveCfg = Debug|Any CPU
		{2AAD276C-7B9D-42E4-B5F7-CDFC0CB844EF}.Debug|Any CPU.Build.0 = Debug|Any CPU
		{2AAD276C-7B9D-42E4-B5F7-CDFC0CB844EF}.Debug|Any CPU.Deploy.0 = Debug|Any CPU
		{2AAD276C-7B9D-42E4-B5F7-CDFC0CB844EF}.Debug|ARM.ActiveCfg = Debug|ARM
		{2AAD276C-7B9D-42E4-B5F7-CDFC0CB844EF}.Debug|ARM.Build.0 = Debug|ARM
		{2AAD276C-7B9D-42E4-B5F7-CDFC0CB844EF}.Debug|ARM.Deploy.0 = Debug|ARM
		{2AAD276C-7B9D-42E4-B5F7-CDFC0CB844EF}.Debug|iPhone.ActiveCfg = Debug|Any CPU
		{2AAD276C-7B9D-42E4-B5F7-CDFC0CB844EF}.Debug|iPhone.Build.0 = Debug|Any CPU
		{2AAD276C-7B9D-42E4-B5F7-CDFC0CB844EF}.Debug|iPhone.Deploy.0 = Debug|Any CPU
		{2AAD276C-7B9D-42E4-B5F7-CDFC0CB844EF}.Debug|iPhoneSimulator.ActiveCfg = Debug|Any CPU
		{2AAD276C-7B9D-42E4-B5F7-CDFC0CB844EF}.Debug|iPhoneSimulator.Build.0 = Debug|Any CPU
		{2AAD276C-7B9D-42E4-B5F7-CDFC0CB844EF}.Debug|iPhoneSimulator.Deploy.0 = Debug|Any CPU
		{2AAD276C-7B9D-42E4-B5F7-CDFC0CB844EF}.Debug|x64.ActiveCfg = Debug|Any CPU
		{2AAD276C-7B9D-42E4-B5F7-CDFC0CB844EF}.Debug|x64.Build.0 = Debug|Any CPU
		{2AAD276C-7B9D-42E4-B5F7-CDFC0CB844EF}.Debug|x64.Deploy.0 = Debug|Any CPU
		{2AAD276C-7B9D-42E4-B5F7-CDFC0CB844EF}.Debug|x86.ActiveCfg = Debug|x86
		{2AAD276C-7B9D-42E4-B5F7-CDFC0CB844EF}.Debug|x86.Build.0 = Debug|x86
		{2AAD276C-7B9D-42E4-B5F7-CDFC0CB844EF}.Debug|x86.Deploy.0 = Debug|x86
		{2AAD276C-7B9D-42E4-B5F7-CDFC0CB844EF}.Release|Any CPU.ActiveCfg = Release|Any CPU
		{2AAD276C-7B9D-42E4-B5F7-CDFC0CB844EF}.Release|Any CPU.Build.0 = Release|Any CPU
		{2AAD276C-7B9D-42E4-B5F7-CDFC0CB844EF}.Release|Any CPU.Deploy.0 = Release|Any CPU
		{2AAD276C-7B9D-42E4-B5F7-CDFC0CB844EF}.Release|ARM.ActiveCfg = Release|ARM
		{2AAD276C-7B9D-42E4-B5F7-CDFC0CB844EF}.Release|ARM.Build.0 = Release|ARM
		{2AAD276C-7B9D-42E4-B5F7-CDFC0CB844EF}.Release|ARM.Deploy.0 = Release|ARM
		{2AAD276C-7B9D-42E4-B5F7-CDFC0CB844EF}.Release|iPhone.ActiveCfg = Release|Any CPU
		{2AAD276C-7B9D-42E4-B5F7-CDFC0CB844EF}.Release|iPhone.Build.0 = Release|Any CPU
		{2AAD276C-7B9D-42E4-B5F7-CDFC0CB844EF}.Release|iPhone.Deploy.0 = Release|Any CPU
		{2AAD276C-7B9D-42E4-B5F7-CDFC0CB844EF}.Release|iPhoneSimulator.ActiveCfg = Release|Any CPU
		{2AAD276C-7B9D-42E4-B5F7-CDFC0CB844EF}.Release|iPhoneSimulator.Build.0 = Release|Any CPU
		{2AAD276C-7B9D-42E4-B5F7-CDFC0CB844EF}.Release|iPhoneSimulator.Deploy.0 = Release|Any CPU
		{2AAD276C-7B9D-42E4-B5F7-CDFC0CB844EF}.Release|x64.ActiveCfg = Release|Any CPU
		{2AAD276C-7B9D-42E4-B5F7-CDFC0CB844EF}.Release|x64.Build.0 = Release|Any CPU
		{2AAD276C-7B9D-42E4-B5F7-CDFC0CB844EF}.Release|x64.Deploy.0 = Release|Any CPU
		{2AAD276C-7B9D-42E4-B5F7-CDFC0CB844EF}.Release|x86.ActiveCfg = Release|x86
		{2AAD276C-7B9D-42E4-B5F7-CDFC0CB844EF}.Release|x86.Build.0 = Release|x86
		{2AAD276C-7B9D-42E4-B5F7-CDFC0CB844EF}.Release|x86.Deploy.0 = Release|x86
		{3F54ED49-4012-4EB0-B8CE-7F9D7D87DD0E}.Ad-Hoc|Any CPU.ActiveCfg = Release|x86
		{3F54ED49-4012-4EB0-B8CE-7F9D7D87DD0E}.Ad-Hoc|Any CPU.Build.0 = Release|x86
		{3F54ED49-4012-4EB0-B8CE-7F9D7D87DD0E}.Ad-Hoc|Any CPU.Deploy.0 = Release|x86
		{3F54ED49-4012-4EB0-B8CE-7F9D7D87DD0E}.Ad-Hoc|ARM.ActiveCfg = Release|ARM
		{3F54ED49-4012-4EB0-B8CE-7F9D7D87DD0E}.Ad-Hoc|ARM.Build.0 = Release|ARM
		{3F54ED49-4012-4EB0-B8CE-7F9D7D87DD0E}.Ad-Hoc|ARM.Deploy.0 = Release|ARM
		{3F54ED49-4012-4EB0-B8CE-7F9D7D87DD0E}.Ad-Hoc|iPhone.ActiveCfg = Release|x86
		{3F54ED49-4012-4EB0-B8CE-7F9D7D87DD0E}.Ad-Hoc|iPhone.Build.0 = Release|x86
		{3F54ED49-4012-4EB0-B8CE-7F9D7D87DD0E}.Ad-Hoc|iPhone.Deploy.0 = Release|x86
		{3F54ED49-4012-4EB0-B8CE-7F9D7D87DD0E}.Ad-Hoc|iPhoneSimulator.ActiveCfg = Release|x86
		{3F54ED49-4012-4EB0-B8CE-7F9D7D87DD0E}.Ad-Hoc|iPhoneSimulator.Build.0 = Release|x86
		{3F54ED49-4012-4EB0-B8CE-7F9D7D87DD0E}.Ad-Hoc|iPhoneSimulator.Deploy.0 = Release|x86
		{3F54ED49-4012-4EB0-B8CE-7F9D7D87DD0E}.Ad-Hoc|x64.ActiveCfg = Release|x64
		{3F54ED49-4012-4EB0-B8CE-7F9D7D87DD0E}.Ad-Hoc|x64.Build.0 = Release|x64
		{3F54ED49-4012-4EB0-B8CE-7F9D7D87DD0E}.Ad-Hoc|x64.Deploy.0 = Release|x64
		{3F54ED49-4012-4EB0-B8CE-7F9D7D87DD0E}.Ad-Hoc|x86.ActiveCfg = Release|x86
		{3F54ED49-4012-4EB0-B8CE-7F9D7D87DD0E}.Ad-Hoc|x86.Build.0 = Release|x86
		{3F54ED49-4012-4EB0-B8CE-7F9D7D87DD0E}.Ad-Hoc|x86.Deploy.0 = Release|x86
		{3F54ED49-4012-4EB0-B8CE-7F9D7D87DD0E}.AppStore|Any CPU.ActiveCfg = Release|x86
		{3F54ED49-4012-4EB0-B8CE-7F9D7D87DD0E}.AppStore|Any CPU.Build.0 = Release|x86
		{3F54ED49-4012-4EB0-B8CE-7F9D7D87DD0E}.AppStore|Any CPU.Deploy.0 = Release|x86
		{3F54ED49-4012-4EB0-B8CE-7F9D7D87DD0E}.AppStore|ARM.ActiveCfg = Release|ARM
		{3F54ED49-4012-4EB0-B8CE-7F9D7D87DD0E}.AppStore|ARM.Build.0 = Release|ARM
		{3F54ED49-4012-4EB0-B8CE-7F9D7D87DD0E}.AppStore|ARM.Deploy.0 = Release|ARM
		{3F54ED49-4012-4EB0-B8CE-7F9D7D87DD0E}.AppStore|iPhone.ActiveCfg = Release|x86
		{3F54ED49-4012-4EB0-B8CE-7F9D7D87DD0E}.AppStore|iPhone.Build.0 = Release|x86
		{3F54ED49-4012-4EB0-B8CE-7F9D7D87DD0E}.AppStore|iPhone.Deploy.0 = Release|x86
		{3F54ED49-4012-4EB0-B8CE-7F9D7D87DD0E}.AppStore|iPhoneSimulator.ActiveCfg = Release|x86
		{3F54ED49-4012-4EB0-B8CE-7F9D7D87DD0E}.AppStore|iPhoneSimulator.Build.0 = Release|x86
		{3F54ED49-4012-4EB0-B8CE-7F9D7D87DD0E}.AppStore|iPhoneSimulator.Deploy.0 = Release|x86
		{3F54ED49-4012-4EB0-B8CE-7F9D7D87DD0E}.AppStore|x64.ActiveCfg = Release|x64
		{3F54ED49-4012-4EB0-B8CE-7F9D7D87DD0E}.AppStore|x64.Build.0 = Release|x64
		{3F54ED49-4012-4EB0-B8CE-7F9D7D87DD0E}.AppStore|x64.Deploy.0 = Release|x64
		{3F54ED49-4012-4EB0-B8CE-7F9D7D87DD0E}.AppStore|x86.ActiveCfg = Release|x86
		{3F54ED49-4012-4EB0-B8CE-7F9D7D87DD0E}.AppStore|x86.Build.0 = Release|x86
		{3F54ED49-4012-4EB0-B8CE-7F9D7D87DD0E}.AppStore|x86.Deploy.0 = Release|x86
		{3F54ED49-4012-4EB0-B8CE-7F9D7D87DD0E}.Debug|Any CPU.ActiveCfg = Debug|x86
		{3F54ED49-4012-4EB0-B8CE-7F9D7D87DD0E}.Debug|ARM.ActiveCfg = Debug|ARM
		{3F54ED49-4012-4EB0-B8CE-7F9D7D87DD0E}.Debug|ARM.Build.0 = Debug|ARM
		{3F54ED49-4012-4EB0-B8CE-7F9D7D87DD0E}.Debug|ARM.Deploy.0 = Debug|ARM
		{3F54ED49-4012-4EB0-B8CE-7F9D7D87DD0E}.Debug|iPhone.ActiveCfg = Debug|x86
		{3F54ED49-4012-4EB0-B8CE-7F9D7D87DD0E}.Debug|iPhoneSimulator.ActiveCfg = Debug|x86
		{3F54ED49-4012-4EB0-B8CE-7F9D7D87DD0E}.Debug|x64.ActiveCfg = Debug|x64
		{3F54ED49-4012-4EB0-B8CE-7F9D7D87DD0E}.Debug|x64.Build.0 = Debug|x64
		{3F54ED49-4012-4EB0-B8CE-7F9D7D87DD0E}.Debug|x64.Deploy.0 = Debug|x64
		{3F54ED49-4012-4EB0-B8CE-7F9D7D87DD0E}.Debug|x86.ActiveCfg = Debug|x86
		{3F54ED49-4012-4EB0-B8CE-7F9D7D87DD0E}.Debug|x86.Build.0 = Debug|x86
		{3F54ED49-4012-4EB0-B8CE-7F9D7D87DD0E}.Debug|x86.Deploy.0 = Debug|x86
		{3F54ED49-4012-4EB0-B8CE-7F9D7D87DD0E}.Release|Any CPU.ActiveCfg = Release|x86
		{3F54ED49-4012-4EB0-B8CE-7F9D7D87DD0E}.Release|ARM.ActiveCfg = Release|ARM
		{3F54ED49-4012-4EB0-B8CE-7F9D7D87DD0E}.Release|ARM.Build.0 = Release|ARM
		{3F54ED49-4012-4EB0-B8CE-7F9D7D87DD0E}.Release|ARM.Deploy.0 = Release|ARM
		{3F54ED49-4012-4EB0-B8CE-7F9D7D87DD0E}.Release|iPhone.ActiveCfg = Release|x86
		{3F54ED49-4012-4EB0-B8CE-7F9D7D87DD0E}.Release|iPhoneSimulator.ActiveCfg = Release|x86
		{3F54ED49-4012-4EB0-B8CE-7F9D7D87DD0E}.Release|x64.ActiveCfg = Release|x64
		{3F54ED49-4012-4EB0-B8CE-7F9D7D87DD0E}.Release|x64.Build.0 = Release|x64
		{3F54ED49-4012-4EB0-B8CE-7F9D7D87DD0E}.Release|x64.Deploy.0 = Release|x64
		{3F54ED49-4012-4EB0-B8CE-7F9D7D87DD0E}.Release|x86.ActiveCfg = Release|x86
		{3F54ED49-4012-4EB0-B8CE-7F9D7D87DD0E}.Release|x86.Build.0 = Release|x86
		{3F54ED49-4012-4EB0-B8CE-7F9D7D87DD0E}.Release|x86.Deploy.0 = Release|x86
		{A075965A-577D-4C4A-B98D-25C464BD0124}.Ad-Hoc|Any CPU.ActiveCfg = Release|Any CPU
		{A075965A-577D-4C4A-B98D-25C464BD0124}.Ad-Hoc|Any CPU.Build.0 = Release|Any CPU
		{A075965A-577D-4C4A-B98D-25C464BD0124}.Ad-Hoc|Any CPU.Deploy.0 = Release|Any CPU
		{A075965A-577D-4C4A-B98D-25C464BD0124}.Ad-Hoc|ARM.ActiveCfg = Release|ARM
		{A075965A-577D-4C4A-B98D-25C464BD0124}.Ad-Hoc|ARM.Build.0 = Release|ARM
		{A075965A-577D-4C4A-B98D-25C464BD0124}.Ad-Hoc|ARM.Deploy.0 = Release|ARM
		{A075965A-577D-4C4A-B98D-25C464BD0124}.Ad-Hoc|iPhone.ActiveCfg = Release|Any CPU
		{A075965A-577D-4C4A-B98D-25C464BD0124}.Ad-Hoc|iPhone.Build.0 = Release|Any CPU
		{A075965A-577D-4C4A-B98D-25C464BD0124}.Ad-Hoc|iPhone.Deploy.0 = Release|Any CPU
		{A075965A-577D-4C4A-B98D-25C464BD0124}.Ad-Hoc|iPhoneSimulator.ActiveCfg = Release|Any CPU
		{A075965A-577D-4C4A-B98D-25C464BD0124}.Ad-Hoc|iPhoneSimulator.Build.0 = Release|Any CPU
		{A075965A-577D-4C4A-B98D-25C464BD0124}.Ad-Hoc|iPhoneSimulator.Deploy.0 = Release|Any CPU
		{A075965A-577D-4C4A-B98D-25C464BD0124}.Ad-Hoc|x64.ActiveCfg = Release|x64
		{A075965A-577D-4C4A-B98D-25C464BD0124}.Ad-Hoc|x64.Build.0 = Release|x64
		{A075965A-577D-4C4A-B98D-25C464BD0124}.Ad-Hoc|x64.Deploy.0 = Release|x64
		{A075965A-577D-4C4A-B98D-25C464BD0124}.Ad-Hoc|x86.ActiveCfg = Release|x86
		{A075965A-577D-4C4A-B98D-25C464BD0124}.Ad-Hoc|x86.Build.0 = Release|x86
		{A075965A-577D-4C4A-B98D-25C464BD0124}.Ad-Hoc|x86.Deploy.0 = Release|x86
		{A075965A-577D-4C4A-B98D-25C464BD0124}.AppStore|Any CPU.ActiveCfg = Release|Any CPU
		{A075965A-577D-4C4A-B98D-25C464BD0124}.AppStore|Any CPU.Build.0 = Release|Any CPU
		{A075965A-577D-4C4A-B98D-25C464BD0124}.AppStore|Any CPU.Deploy.0 = Release|Any CPU
		{A075965A-577D-4C4A-B98D-25C464BD0124}.AppStore|ARM.ActiveCfg = Release|ARM
		{A075965A-577D-4C4A-B98D-25C464BD0124}.AppStore|ARM.Build.0 = Release|ARM
		{A075965A-577D-4C4A-B98D-25C464BD0124}.AppStore|ARM.Deploy.0 = Release|ARM
		{A075965A-577D-4C4A-B98D-25C464BD0124}.AppStore|iPhone.ActiveCfg = Release|Any CPU
		{A075965A-577D-4C4A-B98D-25C464BD0124}.AppStore|iPhone.Build.0 = Release|Any CPU
		{A075965A-577D-4C4A-B98D-25C464BD0124}.AppStore|iPhone.Deploy.0 = Release|Any CPU
		{A075965A-577D-4C4A-B98D-25C464BD0124}.AppStore|iPhoneSimulator.ActiveCfg = Release|Any CPU
		{A075965A-577D-4C4A-B98D-25C464BD0124}.AppStore|iPhoneSimulator.Build.0 = Release|Any CPU
		{A075965A-577D-4C4A-B98D-25C464BD0124}.AppStore|iPhoneSimulator.Deploy.0 = Release|Any CPU
		{A075965A-577D-4C4A-B98D-25C464BD0124}.AppStore|x64.ActiveCfg = Release|x64
		{A075965A-577D-4C4A-B98D-25C464BD0124}.AppStore|x64.Build.0 = Release|x64
		{A075965A-577D-4C4A-B98D-25C464BD0124}.AppStore|x64.Deploy.0 = Release|x64
		{A075965A-577D-4C4A-B98D-25C464BD0124}.AppStore|x86.ActiveCfg = Release|x86
		{A075965A-577D-4C4A-B98D-25C464BD0124}.AppStore|x86.Build.0 = Release|x86
		{A075965A-577D-4C4A-B98D-25C464BD0124}.AppStore|x86.Deploy.0 = Release|x86
		{A075965A-577D-4C4A-B98D-25C464BD0124}.Debug|Any CPU.ActiveCfg = Debug|Any CPU
		{A075965A-577D-4C4A-B98D-25C464BD0124}.Debug|Any CPU.Build.0 = Debug|Any CPU
		{A075965A-577D-4C4A-B98D-25C464BD0124}.Debug|Any CPU.Deploy.0 = Debug|Any CPU
		{A075965A-577D-4C4A-B98D-25C464BD0124}.Debug|ARM.ActiveCfg = Debug|ARM
		{A075965A-577D-4C4A-B98D-25C464BD0124}.Debug|ARM.Build.0 = Debug|ARM
		{A075965A-577D-4C4A-B98D-25C464BD0124}.Debug|ARM.Deploy.0 = Debug|ARM
		{A075965A-577D-4C4A-B98D-25C464BD0124}.Debug|iPhone.ActiveCfg = Debug|Any CPU
		{A075965A-577D-4C4A-B98D-25C464BD0124}.Debug|iPhone.Build.0 = Debug|Any CPU
		{A075965A-577D-4C4A-B98D-25C464BD0124}.Debug|iPhone.Deploy.0 = Debug|Any CPU
		{A075965A-577D-4C4A-B98D-25C464BD0124}.Debug|iPhoneSimulator.ActiveCfg = Debug|Any CPU
		{A075965A-577D-4C4A-B98D-25C464BD0124}.Debug|iPhoneSimulator.Build.0 = Debug|Any CPU
		{A075965A-577D-4C4A-B98D-25C464BD0124}.Debug|iPhoneSimulator.Deploy.0 = Debug|Any CPU
		{A075965A-577D-4C4A-B98D-25C464BD0124}.Debug|x64.ActiveCfg = Debug|x64
		{A075965A-577D-4C4A-B98D-25C464BD0124}.Debug|x64.Build.0 = Debug|x64
		{A075965A-577D-4C4A-B98D-25C464BD0124}.Debug|x64.Deploy.0 = Debug|x64
		{A075965A-577D-4C4A-B98D-25C464BD0124}.Debug|x86.ActiveCfg = Debug|x86
		{A075965A-577D-4C4A-B98D-25C464BD0124}.Debug|x86.Build.0 = Debug|x86
		{A075965A-577D-4C4A-B98D-25C464BD0124}.Debug|x86.Deploy.0 = Debug|x86
		{A075965A-577D-4C4A-B98D-25C464BD0124}.Release|Any CPU.ActiveCfg = Release|Any CPU
		{A075965A-577D-4C4A-B98D-25C464BD0124}.Release|Any CPU.Build.0 = Release|Any CPU
		{A075965A-577D-4C4A-B98D-25C464BD0124}.Release|Any CPU.Deploy.0 = Release|Any CPU
		{A075965A-577D-4C4A-B98D-25C464BD0124}.Release|ARM.ActiveCfg = Release|ARM
		{A075965A-577D-4C4A-B98D-25C464BD0124}.Release|ARM.Build.0 = Release|ARM
		{A075965A-577D-4C4A-B98D-25C464BD0124}.Release|ARM.Deploy.0 = Release|ARM
		{A075965A-577D-4C4A-B98D-25C464BD0124}.Release|iPhone.ActiveCfg = Release|Any CPU
		{A075965A-577D-4C4A-B98D-25C464BD0124}.Release|iPhone.Build.0 = Release|Any CPU
		{A075965A-577D-4C4A-B98D-25C464BD0124}.Release|iPhone.Deploy.0 = Release|Any CPU
		{A075965A-577D-4C4A-B98D-25C464BD0124}.Release|iPhoneSimulator.ActiveCfg = Release|Any CPU
		{A075965A-577D-4C4A-B98D-25C464BD0124}.Release|iPhoneSimulator.Build.0 = Release|Any CPU
		{A075965A-577D-4C4A-B98D-25C464BD0124}.Release|iPhoneSimulator.Deploy.0 = Release|Any CPU
		{A075965A-577D-4C4A-B98D-25C464BD0124}.Release|x64.ActiveCfg = Release|x64
		{A075965A-577D-4C4A-B98D-25C464BD0124}.Release|x64.Build.0 = Release|x64
		{A075965A-577D-4C4A-B98D-25C464BD0124}.Release|x64.Deploy.0 = Release|x64
		{A075965A-577D-4C4A-B98D-25C464BD0124}.Release|x86.ActiveCfg = Release|x86
		{A075965A-577D-4C4A-B98D-25C464BD0124}.Release|x86.Build.0 = Release|x86
		{A075965A-577D-4C4A-B98D-25C464BD0124}.Release|x86.Deploy.0 = Release|x86
		{2EEA4863-0F4E-4AA0-9EE6-B97C7DF26316}.Ad-Hoc|Any CPU.ActiveCfg = Release|Any CPU
		{2EEA4863-0F4E-4AA0-9EE6-B97C7DF26316}.Ad-Hoc|Any CPU.Build.0 = Release|Any CPU
		{2EEA4863-0F4E-4AA0-9EE6-B97C7DF26316}.Ad-Hoc|ARM.ActiveCfg = Release|Any CPU
		{2EEA4863-0F4E-4AA0-9EE6-B97C7DF26316}.Ad-Hoc|ARM.Build.0 = Release|Any CPU
		{2EEA4863-0F4E-4AA0-9EE6-B97C7DF26316}.Ad-Hoc|iPhone.ActiveCfg = Release|Any CPU
		{2EEA4863-0F4E-4AA0-9EE6-B97C7DF26316}.Ad-Hoc|iPhone.Build.0 = Release|Any CPU
		{2EEA4863-0F4E-4AA0-9EE6-B97C7DF26316}.Ad-Hoc|iPhoneSimulator.ActiveCfg = Release|Any CPU
		{2EEA4863-0F4E-4AA0-9EE6-B97C7DF26316}.Ad-Hoc|iPhoneSimulator.Build.0 = Release|Any CPU
		{2EEA4863-0F4E-4AA0-9EE6-B97C7DF26316}.Ad-Hoc|x64.ActiveCfg = Release|Any CPU
		{2EEA4863-0F4E-4AA0-9EE6-B97C7DF26316}.Ad-Hoc|x64.Build.0 = Release|Any CPU
		{2EEA4863-0F4E-4AA0-9EE6-B97C7DF26316}.Ad-Hoc|x86.ActiveCfg = Release|Any CPU
		{2EEA4863-0F4E-4AA0-9EE6-B97C7DF26316}.Ad-Hoc|x86.Build.0 = Release|Any CPU
		{2EEA4863-0F4E-4AA0-9EE6-B97C7DF26316}.AppStore|Any CPU.ActiveCfg = Release|Any CPU
		{2EEA4863-0F4E-4AA0-9EE6-B97C7DF26316}.AppStore|Any CPU.Build.0 = Release|Any CPU
		{2EEA4863-0F4E-4AA0-9EE6-B97C7DF26316}.AppStore|ARM.ActiveCfg = Release|Any CPU
		{2EEA4863-0F4E-4AA0-9EE6-B97C7DF26316}.AppStore|ARM.Build.0 = Release|Any CPU
		{2EEA4863-0F4E-4AA0-9EE6-B97C7DF26316}.AppStore|iPhone.ActiveCfg = Release|Any CPU
		{2EEA4863-0F4E-4AA0-9EE6-B97C7DF26316}.AppStore|iPhone.Build.0 = Release|Any CPU
		{2EEA4863-0F4E-4AA0-9EE6-B97C7DF26316}.AppStore|iPhoneSimulator.ActiveCfg = Release|Any CPU
		{2EEA4863-0F4E-4AA0-9EE6-B97C7DF26316}.AppStore|iPhoneSimulator.Build.0 = Release|Any CPU
		{2EEA4863-0F4E-4AA0-9EE6-B97C7DF26316}.AppStore|x64.ActiveCfg = Release|Any CPU
		{2EEA4863-0F4E-4AA0-9EE6-B97C7DF26316}.AppStore|x64.Build.0 = Release|Any CPU
		{2EEA4863-0F4E-4AA0-9EE6-B97C7DF26316}.AppStore|x86.ActiveCfg = Release|Any CPU
		{2EEA4863-0F4E-4AA0-9EE6-B97C7DF26316}.AppStore|x86.Build.0 = Release|Any CPU
		{2EEA4863-0F4E-4AA0-9EE6-B97C7DF26316}.Debug|Any CPU.ActiveCfg = Debug|Any CPU
		{2EEA4863-0F4E-4AA0-9EE6-B97C7DF26316}.Debug|Any CPU.Build.0 = Debug|Any CPU
		{2EEA4863-0F4E-4AA0-9EE6-B97C7DF26316}.Debug|ARM.ActiveCfg = Debug|Any CPU
		{2EEA4863-0F4E-4AA0-9EE6-B97C7DF26316}.Debug|ARM.Build.0 = Debug|Any CPU
		{2EEA4863-0F4E-4AA0-9EE6-B97C7DF26316}.Debug|iPhone.ActiveCfg = Debug|Any CPU
		{2EEA4863-0F4E-4AA0-9EE6-B97C7DF26316}.Debug|iPhone.Build.0 = Debug|Any CPU
		{2EEA4863-0F4E-4AA0-9EE6-B97C7DF26316}.Debug|iPhoneSimulator.ActiveCfg = Debug|Any CPU
		{2EEA4863-0F4E-4AA0-9EE6-B97C7DF26316}.Debug|iPhoneSimulator.Build.0 = Debug|Any CPU
		{2EEA4863-0F4E-4AA0-9EE6-B97C7DF26316}.Debug|x64.ActiveCfg = Debug|Any CPU
		{2EEA4863-0F4E-4AA0-9EE6-B97C7DF26316}.Debug|x64.Build.0 = Debug|Any CPU
		{2EEA4863-0F4E-4AA0-9EE6-B97C7DF26316}.Debug|x86.ActiveCfg = Debug|Any CPU
		{2EEA4863-0F4E-4AA0-9EE6-B97C7DF26316}.Debug|x86.Build.0 = Debug|Any CPU
		{2EEA4863-0F4E-4AA0-9EE6-B97C7DF26316}.Release|Any CPU.ActiveCfg = Release|Any CPU
		{2EEA4863-0F4E-4AA0-9EE6-B97C7DF26316}.Release|Any CPU.Build.0 = Release|Any CPU
		{2EEA4863-0F4E-4AA0-9EE6-B97C7DF26316}.Release|ARM.ActiveCfg = Release|Any CPU
		{2EEA4863-0F4E-4AA0-9EE6-B97C7DF26316}.Release|ARM.Build.0 = Release|Any CPU
		{2EEA4863-0F4E-4AA0-9EE6-B97C7DF26316}.Release|iPhone.ActiveCfg = Release|Any CPU
		{2EEA4863-0F4E-4AA0-9EE6-B97C7DF26316}.Release|iPhone.Build.0 = Release|Any CPU
		{2EEA4863-0F4E-4AA0-9EE6-B97C7DF26316}.Release|iPhoneSimulator.ActiveCfg = Release|Any CPU
		{2EEA4863-0F4E-4AA0-9EE6-B97C7DF26316}.Release|iPhoneSimulator.Build.0 = Release|Any CPU
		{2EEA4863-0F4E-4AA0-9EE6-B97C7DF26316}.Release|x64.ActiveCfg = Release|Any CPU
		{2EEA4863-0F4E-4AA0-9EE6-B97C7DF26316}.Release|x64.Build.0 = Release|Any CPU
		{2EEA4863-0F4E-4AA0-9EE6-B97C7DF26316}.Release|x86.ActiveCfg = Release|Any CPU
		{2EEA4863-0F4E-4AA0-9EE6-B97C7DF26316}.Release|x86.Build.0 = Release|Any CPU
	EndGlobalSection
	GlobalSection(SolutionProperties) = preSolution
		HideSolutionNode = FALSE
	EndGlobalSection
EndGlobal
